
Microsoft Visual Studio Solution File, Format Version 11.00
# Visual Studio 2010
Project("{FAE04EC0-301F-11D3-BF4B-00C04F79EFBC}") = "XnaTapHello", "XnaTapHello\XnaTapHello\XnaTapHello.csproj", "{1BE0B5F5-0F3E-4407-86B5-DDD8CE89A98E}"
EndProject
Project("{96E2B04D-8817-42C6-938A-82C39BA4D311}") = "XnaTapHelloContent", "XnaTapHello\XnaTapHelloContent\XnaTapHelloContent.contentproj", "{C3C5D54F-F42E-4FDC-9B46-5D065CF617DC}"
EndProject
Global
	GlobalSection(SolutionConfigurationPlatforms) = preSolution
		Debug|Any CPU = Debug|Any CPU
		Debug|Windows Phone = Debug|Windows Phone
		Release|Any CPU = Release|Any CPU
		Release|Windows Phone = Release|Windows Phone
	EndGlobalSection
	GlobalSection(ProjectConfigurationPlatforms) = postSolution
		{1BE0B5F5-0F3E-4407-86B5-DDD8CE89A98E}.Debug|Any CPU.ActiveCfg = Debug|Windows Phone
		{1BE0B5F5-0F3E-4407-86B5-DDD8CE89A98E}.Debug|Windows Phone.ActiveCfg = Debug|Windows Phone
		{1BE0B5F5-0F3E-4407-86B5-DDD8CE89A98E}.Debug|Windows Phone.Build.0 = Debug|Windows Phone
		{1BE0B5F5-0F3E-4407-86B5-DDD8CE89A98E}.Debug|Windows Phone.Deploy.0 = Debug|Windows Phone
		{1BE0B5F5-0F3E-4407-86B5-DDD8CE89A98E}.Release|Any CPU.ActiveCfg = Release|Windows Phone
		{1BE0B5F5-0F3E-4407-86B5-DDD8CE89A98E}.Release|Windows Phone.ActiveCfg = Release|Windows Phone
		{1BE0B5F5-0F3E-4407-86B5-DDD8CE89A98E}.Release|Windows Phone.Build.0 = Release|Windows Phone
		{1BE0B5F5-0F3E-4407-86B5-DDD8CE89A98E}.Release|Windows Phone.Deploy.0 = Release|Windows Phone
		{C3C5D54F-F42E-4FDC-9B46-5D065CF617DC}.Debug|Any CPU.ActiveCfg = Debug|Any CPU
		{C3C5D54F-F42E-4FDC-9B46-5D065CF617DC}.Debug|Windows Phone.ActiveCfg = Debug|Any CPU
		{C3C5D54F-F42E-4FDC-9B46-5D065CF617DC}.Release|Any CPU.ActiveCfg = Debug|Any CPU
		{C3C5D54F-F42E-4FDC-9B46-5D065CF617DC}.Release|Windows Phone.ActiveCfg = Debug|Any CPU
	EndGlobalSection
	GlobalSection(SolutionProperties) = preSolution
		HideSolutionNode = FALSE
	EndGlobalSection
EndGlobal
