
Microsoft Visual Studio Solution File, Format Version 11.00
# Visual Studio 2010
Project("{FAE04EC0-301F-11D3-BF4B-00C04F79EFBC}") = "RecursivePageCaptures", "RecursivePageCaptures\RecursivePageCaptures.csproj", "{BB1536A0-1363-489D-8DB7-B35844D0713A}"
EndProject
Global
	GlobalSection(SolutionConfigurationPlatforms) = preSolution
		Debug|Any CPU = Debug|Any CPU
		Release|Any CPU = Release|Any CPU
	EndGlobalSection
	GlobalSection(ProjectConfigurationPlatforms) = postSolution
		{BB1536A0-1363-489D-8DB7-B35844D0713A}.Debug|Any CPU.ActiveCfg = Debug|Any CPU
		{BB1536A0-1363-489D-8DB7-B35844D0713A}.Debug|Any CPU.Build.0 = Debug|Any CPU
		{BB1536A0-1363-489D-8DB7-B35844D0713A}.Debug|Any CPU.Deploy.0 = Debug|Any CPU
		{BB1536A0-1363-489D-8DB7-B35844D0713A}.Release|Any CPU.ActiveCfg = Release|Any CPU
		{BB1536A0-1363-489D-8DB7-B35844D0713A}.Release|Any CPU.Build.0 = Release|Any CPU
		{BB1536A0-1363-489D-8DB7-B35844D0713A}.Release|Any CPU.Deploy.0 = Release|Any CPU
	EndGlobalSection
	GlobalSection(SolutionProperties) = preSolution
		HideSolutionNode = FALSE
	EndGlobalSection
EndGlobal
