
Microsoft Visual Studio Solution File, Format Version 11.00
# Visual Studio 2010
Project("{FAE04EC0-301F-11D3-BF4B-00C04F79EFBC}") = "DashOffsetAnimation", "DashOffsetAnimation\DashOffsetAnimation.csproj", "{73FD7B55-E5CF-4576-8F1A-9EB57CA039D9}"
EndProject
Global
	GlobalSection(SolutionConfigurationPlatforms) = preSolution
		Debug|Any CPU = Debug|Any CPU
		Release|Any CPU = Release|Any CPU
	EndGlobalSection
	GlobalSection(ProjectConfigurationPlatforms) = postSolution
		{73FD7B55-E5CF-4576-8F1A-9EB57CA039D9}.Debug|Any CPU.ActiveCfg = Debug|Any CPU
		{73FD7B55-E5CF-4576-8F1A-9EB57CA039D9}.Debug|Any CPU.Build.0 = Debug|Any CPU
		{73FD7B55-E5CF-4576-8F1A-9EB57CA039D9}.Debug|Any CPU.Deploy.0 = Debug|Any CPU
		{73FD7B55-E5CF-4576-8F1A-9EB57CA039D9}.Release|Any CPU.ActiveCfg = Release|Any CPU
		{73FD7B55-E5CF-4576-8F1A-9EB57CA039D9}.Release|Any CPU.Build.0 = Release|Any CPU
		{73FD7B55-E5CF-4576-8F1A-9EB57CA039D9}.Release|Any CPU.Deploy.0 = Release|Any CPU
	EndGlobalSection
	GlobalSection(SolutionProperties) = preSolution
		HideSolutionNode = FALSE
	EndGlobalSection
EndGlobal
