
Microsoft Visual Studio Solution File, Format Version 11.00
# Visual Studio 2010
Project("{FAE04EC0-301F-11D3-BF4B-00C04F79EFBC}") = "PinwheelText", "PinwheelText\PinwheelText\PinwheelText.csproj", "{DC0D99A0-0215-4074-B70E-2CA653F8FF0A}"
EndProject
Project("{96E2B04D-8817-42C6-938A-82C39BA4D311}") = "PinwheelTextContent", "PinwheelText\PinwheelTextContent\PinwheelTextContent.contentproj", "{BADE2F39-E95F-4A58-8A5F-66FDEB9741CC}"
EndProject
Global
	GlobalSection(SolutionConfigurationPlatforms) = preSolution
		Debug|Windows Phone = Debug|Windows Phone
		Release|Windows Phone = Release|Windows Phone
	EndGlobalSection
	GlobalSection(ProjectConfigurationPlatforms) = postSolution
		{DC0D99A0-0215-4074-B70E-2CA653F8FF0A}.Debug|Windows Phone.ActiveCfg = Debug|Windows Phone
		{DC0D99A0-0215-4074-B70E-2CA653F8FF0A}.Debug|Windows Phone.Build.0 = Debug|Windows Phone
		{DC0D99A0-0215-4074-B70E-2CA653F8FF0A}.Debug|Windows Phone.Deploy.0 = Debug|Windows Phone
		{DC0D99A0-0215-4074-B70E-2CA653F8FF0A}.Release|Windows Phone.ActiveCfg = Release|Windows Phone
		{DC0D99A0-0215-4074-B70E-2CA653F8FF0A}.Release|Windows Phone.Build.0 = Release|Windows Phone
		{DC0D99A0-0215-4074-B70E-2CA653F8FF0A}.Release|Windows Phone.Deploy.0 = Release|Windows Phone
		{BADE2F39-E95F-4A58-8A5F-66FDEB9741CC}.Debug|Windows Phone.ActiveCfg = Debug|Windows Phone
		{BADE2F39-E95F-4A58-8A5F-66FDEB9741CC}.Release|Windows Phone.ActiveCfg = Release|Windows Phone
	EndGlobalSection
	GlobalSection(SolutionProperties) = preSolution
		HideSolutionNode = FALSE
	EndGlobalSection
EndGlobal
