
Microsoft Visual Studio Solution File, Format Version 11.00
# Visual Studio 2010
Project("{FAE04EC0-301F-11D3-BF4B-00C04F79EFBC}") = "ParametricTextMovement", "ParametricTextMovement\ParametricTextMovement\ParametricTextMovement.csproj", "{FD2B3441-8030-401E-815D-FB9CA75B92CA}"
EndProject
Project("{96E2B04D-8817-42C6-938A-82C39BA4D311}") = "ParametricTextMovementContent", "ParametricTextMovement\ParametricTextMovementContent\ParametricTextMovementContent.contentproj", "{D376613E-6FA4-47F0-A97F-C92C5353B8CB}"
EndProject
Global
	GlobalSection(SolutionConfigurationPlatforms) = preSolution
		Debug|Any CPU = Debug|Any CPU
		Debug|Windows Phone = Debug|Windows Phone
		Release|Any CPU = Release|Any CPU
		Release|Windows Phone = Release|Windows Phone
	EndGlobalSection
	GlobalSection(ProjectConfigurationPlatforms) = postSolution
		{FD2B3441-8030-401E-815D-FB9CA75B92CA}.Debug|Any CPU.ActiveCfg = Debug|Windows Phone
		{FD2B3441-8030-401E-815D-FB9CA75B92CA}.Debug|Windows Phone.ActiveCfg = Debug|Windows Phone
		{FD2B3441-8030-401E-815D-FB9CA75B92CA}.Debug|Windows Phone.Build.0 = Debug|Windows Phone
		{FD2B3441-8030-401E-815D-FB9CA75B92CA}.Debug|Windows Phone.Deploy.0 = Debug|Windows Phone
		{FD2B3441-8030-401E-815D-FB9CA75B92CA}.Release|Any CPU.ActiveCfg = Release|Windows Phone
		{FD2B3441-8030-401E-815D-FB9CA75B92CA}.Release|Windows Phone.ActiveCfg = Release|Windows Phone
		{FD2B3441-8030-401E-815D-FB9CA75B92CA}.Release|Windows Phone.Build.0 = Release|Windows Phone
		{FD2B3441-8030-401E-815D-FB9CA75B92CA}.Release|Windows Phone.Deploy.0 = Release|Windows Phone
		{D376613E-6FA4-47F0-A97F-C92C5353B8CB}.Debug|Any CPU.ActiveCfg = Debug|Any CPU
		{D376613E-6FA4-47F0-A97F-C92C5353B8CB}.Debug|Windows Phone.ActiveCfg = Debug|Any CPU
		{D376613E-6FA4-47F0-A97F-C92C5353B8CB}.Release|Any CPU.ActiveCfg = Debug|Any CPU
		{D376613E-6FA4-47F0-A97F-C92C5353B8CB}.Release|Windows Phone.ActiveCfg = Debug|Any CPU
	EndGlobalSection
	GlobalSection(SolutionProperties) = preSolution
		HideSolutionNode = FALSE
	EndGlobalSection
EndGlobal
