
Microsoft Visual Studio Solution File, Format Version 11.00
# Visual Studio 2010
Project("{FAE04EC0-301F-11D3-BF4B-00C04F79EFBC}") = "GridWithFourElements", "GridWithFourElements\GridWithFourElements.csproj", "{CFB3A423-A356-4705-BE79-78F7B9CAE405}"
EndProject
Global
	GlobalSection(SolutionConfigurationPlatforms) = preSolution
		Debug|Any CPU = Debug|Any CPU
		Release|Any CPU = Release|Any CPU
	EndGlobalSection
	GlobalSection(ProjectConfigurationPlatforms) = postSolution
		{CFB3A423-A356-4705-BE79-78F7B9CAE405}.Debug|Any CPU.ActiveCfg = Debug|Any CPU
		{CFB3A423-A356-4705-BE79-78F7B9CAE405}.Debug|Any CPU.Build.0 = Debug|Any CPU
		{CFB3A423-A356-4705-BE79-78F7B9CAE405}.Debug|Any CPU.Deploy.0 = Debug|Any CPU
		{CFB3A423-A356-4705-BE79-78F7B9CAE405}.Release|Any CPU.ActiveCfg = Release|Any CPU
		{CFB3A423-A356-4705-BE79-78F7B9CAE405}.Release|Any CPU.Build.0 = Release|Any CPU
		{CFB3A423-A356-4705-BE79-78F7B9CAE405}.Release|Any CPU.Deploy.0 = Release|Any CPU
	EndGlobalSection
	GlobalSection(SolutionProperties) = preSolution
		HideSolutionNode = FALSE
	EndGlobalSection
EndGlobal
