
Microsoft Visual Studio Solution File, Format Version 11.00
# Visual Studio 2010
Project("{FAE04EC0-301F-11D3-BF4B-00C04F79EFBC}") = "OneFingerDrag", "OneFingerDrag\OneFingerDrag\OneFingerDrag.csproj", "{0C9A8FDE-359F-4B25-B143-D248F648A2D0}"
EndProject
Project("{96E2B04D-8817-42C6-938A-82C39BA4D311}") = "OneFingerDragContent", "OneFingerDrag\OneFingerDragContent\OneFingerDragContent.contentproj", "{2131C57F-4ED4-46E6-AD6C-BEE521008427}"
EndProject
Global
	GlobalSection(SolutionConfigurationPlatforms) = preSolution
		Debug|Windows Phone = Debug|Windows Phone
		Release|Windows Phone = Release|Windows Phone
	EndGlobalSection
	GlobalSection(ProjectConfigurationPlatforms) = postSolution
		{0C9A8FDE-359F-4B25-B143-D248F648A2D0}.Debug|Windows Phone.ActiveCfg = Debug|Windows Phone
		{0C9A8FDE-359F-4B25-B143-D248F648A2D0}.Debug|Windows Phone.Build.0 = Debug|Windows Phone
		{0C9A8FDE-359F-4B25-B143-D248F648A2D0}.Debug|Windows Phone.Deploy.0 = Debug|Windows Phone
		{0C9A8FDE-359F-4B25-B143-D248F648A2D0}.Release|Windows Phone.ActiveCfg = Release|Windows Phone
		{0C9A8FDE-359F-4B25-B143-D248F648A2D0}.Release|Windows Phone.Build.0 = Release|Windows Phone
		{0C9A8FDE-359F-4B25-B143-D248F648A2D0}.Release|Windows Phone.Deploy.0 = Release|Windows Phone
		{2131C57F-4ED4-46E6-AD6C-BEE521008427}.Debug|Windows Phone.ActiveCfg = Debug|Windows Phone
		{2131C57F-4ED4-46E6-AD6C-BEE521008427}.Release|Windows Phone.ActiveCfg = Release|Windows Phone
	EndGlobalSection
	GlobalSection(SolutionProperties) = preSolution
		HideSolutionNode = FALSE
	EndGlobalSection
EndGlobal
