
Microsoft Visual Studio Solution File, Format Version 11.00
# Visual Studio 2010
Project("{FAE04EC0-301F-11D3-BF4B-00C04F79EFBC}") = "ExpandingCircles", "ExpandingCircles\ExpandingCircles.csproj", "{CDD62BB8-E96B-4A3E-8AFE-8183A3984340}"
EndProject
Global
	GlobalSection(SolutionConfigurationPlatforms) = preSolution
		Debug|Any CPU = Debug|Any CPU
		Release|Any CPU = Release|Any CPU
	EndGlobalSection
	GlobalSection(ProjectConfigurationPlatforms) = postSolution
		{CDD62BB8-E96B-4A3E-8AFE-8183A3984340}.Debug|Any CPU.ActiveCfg = Debug|Any CPU
		{CDD62BB8-E96B-4A3E-8AFE-8183A3984340}.Debug|Any CPU.Build.0 = Debug|Any CPU
		{CDD62BB8-E96B-4A3E-8AFE-8183A3984340}.Debug|Any CPU.Deploy.0 = Debug|Any CPU
		{CDD62BB8-E96B-4A3E-8AFE-8183A3984340}.Release|Any CPU.ActiveCfg = Release|Any CPU
		{CDD62BB8-E96B-4A3E-8AFE-8183A3984340}.Release|Any CPU.Build.0 = Release|Any CPU
		{CDD62BB8-E96B-4A3E-8AFE-8183A3984340}.Release|Any CPU.Deploy.0 = Release|Any CPU
	EndGlobalSection
	GlobalSection(SolutionProperties) = preSolution
		HideSolutionNode = FALSE
	EndGlobalSection
EndGlobal
