
Microsoft Visual Studio Solution File, Format Version 11.00
# Visual Studio 2010
Project("{FAE04EC0-301F-11D3-BF4B-00C04F79EFBC}") = "AffineTransform", "AffineTransform\AffineTransform\AffineTransform.csproj", "{D007CCD3-3A74-4D93-97B7-F628FF837D22}"
EndProject
Project("{96E2B04D-8817-42C6-938A-82C39BA4D311}") = "AffineTransformContent", "AffineTransform\AffineTransformContent\AffineTransformContent.contentproj", "{FED6DFD7-601F-493B-80BF-B477E5C07252}"
EndProject
Global
	GlobalSection(SolutionConfigurationPlatforms) = preSolution
		Debug|Windows Phone = Debug|Windows Phone
		Release|Windows Phone = Release|Windows Phone
	EndGlobalSection
	GlobalSection(ProjectConfigurationPlatforms) = postSolution
		{D007CCD3-3A74-4D93-97B7-F628FF837D22}.Debug|Windows Phone.ActiveCfg = Debug|Windows Phone
		{D007CCD3-3A74-4D93-97B7-F628FF837D22}.Debug|Windows Phone.Build.0 = Debug|Windows Phone
		{D007CCD3-3A74-4D93-97B7-F628FF837D22}.Debug|Windows Phone.Deploy.0 = Debug|Windows Phone
		{D007CCD3-3A74-4D93-97B7-F628FF837D22}.Release|Windows Phone.ActiveCfg = Release|Windows Phone
		{D007CCD3-3A74-4D93-97B7-F628FF837D22}.Release|Windows Phone.Build.0 = Release|Windows Phone
		{D007CCD3-3A74-4D93-97B7-F628FF837D22}.Release|Windows Phone.Deploy.0 = Release|Windows Phone
		{FED6DFD7-601F-493B-80BF-B477E5C07252}.Debug|Windows Phone.ActiveCfg = Debug|Windows Phone
		{FED6DFD7-601F-493B-80BF-B477E5C07252}.Release|Windows Phone.ActiveCfg = Release|Windows Phone
	EndGlobalSection
	GlobalSection(SolutionProperties) = preSolution
		HideSolutionNode = FALSE
	EndGlobalSection
EndGlobal
