
Microsoft Visual Studio Solution File, Format Version 11.00
# Visual Studio 2010
Project("{FAE04EC0-301F-11D3-BF4B-00C04F79EFBC}") = "SilverlightTapHello3", "SilverlightTapHello3\SilverlightTapHello3.csproj", "{99FBFED1-0BCA-4A1C-92AA-AFD9937BFC72}"
EndProject
Global
	GlobalSection(SolutionConfigurationPlatforms) = preSolution
		Debug|Any CPU = Debug|Any CPU
		Release|Any CPU = Release|Any CPU
	EndGlobalSection
	GlobalSection(ProjectConfigurationPlatforms) = postSolution
		{99FBFED1-0BCA-4A1C-92AA-AFD9937BFC72}.Debug|Any CPU.ActiveCfg = Debug|Any CPU
		{99FBFED1-0BCA-4A1C-92AA-AFD9937BFC72}.Debug|Any CPU.Build.0 = Debug|Any CPU
		{99FBFED1-0BCA-4A1C-92AA-AFD9937BFC72}.Debug|Any CPU.Deploy.0 = Debug|Any CPU
		{99FBFED1-0BCA-4A1C-92AA-AFD9937BFC72}.Release|Any CPU.ActiveCfg = Release|Any CPU
		{99FBFED1-0BCA-4A1C-92AA-AFD9937BFC72}.Release|Any CPU.Build.0 = Release|Any CPU
		{99FBFED1-0BCA-4A1C-92AA-AFD9937BFC72}.Release|Any CPU.Deploy.0 = Release|Any CPU
	EndGlobalSection
	GlobalSection(SolutionProperties) = preSolution
		HideSolutionNode = FALSE
	EndGlobalSection
EndGlobal
