
Microsoft Visual Studio Solution File, Format Version 11.00
# Visual Studio 2010
Project("{FAE04EC0-301F-11D3-BF4B-00C04F79EFBC}") = "NonAffineTransform", "NonAffineTransform\NonAffineTransform\NonAffineTransform.csproj", "{B2E6674B-3284-4F35-99A7-13A44502408E}"
EndProject
Project("{96E2B04D-8817-42C6-938A-82C39BA4D311}") = "NonAffineTransformContent", "NonAffineTransform\NonAffineTransformContent\NonAffineTransformContent.contentproj", "{4547089A-8B4F-42A7-B9E0-56F7D3717D4E}"
EndProject
Global
	GlobalSection(SolutionConfigurationPlatforms) = preSolution
		Debug|Windows Phone = Debug|Windows Phone
		Release|Windows Phone = Release|Windows Phone
	EndGlobalSection
	GlobalSection(ProjectConfigurationPlatforms) = postSolution
		{B2E6674B-3284-4F35-99A7-13A44502408E}.Debug|Windows Phone.ActiveCfg = Debug|Windows Phone
		{B2E6674B-3284-4F35-99A7-13A44502408E}.Debug|Windows Phone.Build.0 = Debug|Windows Phone
		{B2E6674B-3284-4F35-99A7-13A44502408E}.Debug|Windows Phone.Deploy.0 = Debug|Windows Phone
		{B2E6674B-3284-4F35-99A7-13A44502408E}.Release|Windows Phone.ActiveCfg = Release|Windows Phone
		{B2E6674B-3284-4F35-99A7-13A44502408E}.Release|Windows Phone.Build.0 = Release|Windows Phone
		{B2E6674B-3284-4F35-99A7-13A44502408E}.Release|Windows Phone.Deploy.0 = Release|Windows Phone
		{4547089A-8B4F-42A7-B9E0-56F7D3717D4E}.Debug|Windows Phone.ActiveCfg = Debug|Windows Phone
		{4547089A-8B4F-42A7-B9E0-56F7D3717D4E}.Release|Windows Phone.ActiveCfg = Release|Windows Phone
	EndGlobalSection
	GlobalSection(SolutionProperties) = preSolution
		HideSolutionNode = FALSE
	EndGlobalSection
EndGlobal
