
Microsoft Visual Studio Solution File, Format Version 11.00
# Visual Studio 2010
Project("{FAE04EC0-301F-11D3-BF4B-00C04F79EFBC}") = "SilverlightIsolatedStorage", "SilverlightIsolatedStorage\SilverlightIsolatedStorage.csproj", "{C9CE6022-19BE-43CF-AEA0-4BD70F305AE6}"
EndProject
Global
	GlobalSection(SolutionConfigurationPlatforms) = preSolution
		Debug|Any CPU = Debug|Any CPU
		Release|Any CPU = Release|Any CPU
	EndGlobalSection
	GlobalSection(ProjectConfigurationPlatforms) = postSolution
		{C9CE6022-19BE-43CF-AEA0-4BD70F305AE6}.Debug|Any CPU.ActiveCfg = Debug|Any CPU
		{C9CE6022-19BE-43CF-AEA0-4BD70F305AE6}.Debug|Any CPU.Build.0 = Debug|Any CPU
		{C9CE6022-19BE-43CF-AEA0-4BD70F305AE6}.Debug|Any CPU.Deploy.0 = Debug|Any CPU
		{C9CE6022-19BE-43CF-AEA0-4BD70F305AE6}.Release|Any CPU.ActiveCfg = Release|Any CPU
		{C9CE6022-19BE-43CF-AEA0-4BD70F305AE6}.Release|Any CPU.Build.0 = Release|Any CPU
		{C9CE6022-19BE-43CF-AEA0-4BD70F305AE6}.Release|Any CPU.Deploy.0 = Release|Any CPU
	EndGlobalSection
	GlobalSection(SolutionProperties) = preSolution
		HideSolutionNode = FALSE
	EndGlobalSection
EndGlobal
