
Microsoft Visual Studio Solution File, Format Version 11.00
# Visual Studio 2010
Project("{FAE04EC0-301F-11D3-BF4B-00C04F79EFBC}") = "SilverlightTapHello2", "SilverlightTapHello2\SilverlightTapHello2.csproj", "{03B6EBD3-BE71-4D04-898E-A070CF30FC2A}"
EndProject
Global
	GlobalSection(SolutionConfigurationPlatforms) = preSolution
		Debug|Any CPU = Debug|Any CPU
		Release|Any CPU = Release|Any CPU
	EndGlobalSection
	GlobalSection(ProjectConfigurationPlatforms) = postSolution
		{03B6EBD3-BE71-4D04-898E-A070CF30FC2A}.Debug|Any CPU.ActiveCfg = Debug|Any CPU
		{03B6EBD3-BE71-4D04-898E-A070CF30FC2A}.Debug|Any CPU.Build.0 = Debug|Any CPU
		{03B6EBD3-BE71-4D04-898E-A070CF30FC2A}.Debug|Any CPU.Deploy.0 = Debug|Any CPU
		{03B6EBD3-BE71-4D04-898E-A070CF30FC2A}.Release|Any CPU.ActiveCfg = Release|Any CPU
		{03B6EBD3-BE71-4D04-898E-A070CF30FC2A}.Release|Any CPU.Build.0 = Release|Any CPU
		{03B6EBD3-BE71-4D04-898E-A070CF30FC2A}.Release|Any CPU.Deploy.0 = Release|Any CPU
	EndGlobalSection
	GlobalSection(SolutionProperties) = preSolution
		HideSolutionNode = FALSE
	EndGlobalSection
EndGlobal
