
Microsoft Visual Studio Solution File, Format Version 11.00
# Visual Studio 2010
Project("{FAE04EC0-301F-11D3-BF4B-00C04F79EFBC}") = "VectorTextMovement", "VectorTextMovement\VectorTextMovement\VectorTextMovement.csproj", "{CE1B7400-B8ED-4E91-832B-E03A9B0BAF9B}"
EndProject
Project("{96E2B04D-8817-42C6-938A-82C39BA4D311}") = "VectorTextMovementContent", "VectorTextMovement\VectorTextMovementContent\VectorTextMovementContent.contentproj", "{04486F34-5DD0-414A-ABB7-C0E3D3A0D3DD}"
EndProject
Global
	GlobalSection(SolutionConfigurationPlatforms) = preSolution
		Debug|Any CPU = Debug|Any CPU
		Debug|Windows Phone = Debug|Windows Phone
		Release|Any CPU = Release|Any CPU
		Release|Windows Phone = Release|Windows Phone
	EndGlobalSection
	GlobalSection(ProjectConfigurationPlatforms) = postSolution
		{CE1B7400-B8ED-4E91-832B-E03A9B0BAF9B}.Debug|Any CPU.ActiveCfg = Debug|Windows Phone
		{CE1B7400-B8ED-4E91-832B-E03A9B0BAF9B}.Debug|Windows Phone.ActiveCfg = Debug|Windows Phone
		{CE1B7400-B8ED-4E91-832B-E03A9B0BAF9B}.Debug|Windows Phone.Build.0 = Debug|Windows Phone
		{CE1B7400-B8ED-4E91-832B-E03A9B0BAF9B}.Debug|Windows Phone.Deploy.0 = Debug|Windows Phone
		{CE1B7400-B8ED-4E91-832B-E03A9B0BAF9B}.Release|Any CPU.ActiveCfg = Release|Windows Phone
		{CE1B7400-B8ED-4E91-832B-E03A9B0BAF9B}.Release|Windows Phone.ActiveCfg = Release|Windows Phone
		{CE1B7400-B8ED-4E91-832B-E03A9B0BAF9B}.Release|Windows Phone.Build.0 = Release|Windows Phone
		{CE1B7400-B8ED-4E91-832B-E03A9B0BAF9B}.Release|Windows Phone.Deploy.0 = Release|Windows Phone
		{04486F34-5DD0-414A-ABB7-C0E3D3A0D3DD}.Debug|Any CPU.ActiveCfg = Debug|Any CPU
		{04486F34-5DD0-414A-ABB7-C0E3D3A0D3DD}.Debug|Windows Phone.ActiveCfg = Debug|Any CPU
		{04486F34-5DD0-414A-ABB7-C0E3D3A0D3DD}.Release|Any CPU.ActiveCfg = Debug|Any CPU
		{04486F34-5DD0-414A-ABB7-C0E3D3A0D3DD}.Release|Windows Phone.ActiveCfg = Debug|Any CPU
	EndGlobalSection
	GlobalSection(SolutionProperties) = preSolution
		HideSolutionNode = FALSE
	EndGlobalSection
EndGlobal
