
Microsoft Visual Studio Solution File, Format Version 11.00
# Visual Studio 2010
Project("{FAE04EC0-301F-11D3-BF4B-00C04F79EFBC}") = "XnaAccelerometer", "XnaAccelerometer\XnaAccelerometer\XnaAccelerometer.csproj", "{192D995B-711D-4303-840C-1F80D8123CB1}"
EndProject
Project("{96E2B04D-8817-42C6-938A-82C39BA4D311}") = "XnaAccelerometerContent", "XnaAccelerometer\XnaAccelerometerContent\XnaAccelerometerContent.contentproj", "{A190FDBC-3A04-4B73-89FA-ED00FA410726}"
EndProject
Global
	GlobalSection(SolutionConfigurationPlatforms) = preSolution
		Debug|Any CPU = Debug|Any CPU
		Debug|Windows Phone = Debug|Windows Phone
		Release|Any CPU = Release|Any CPU
		Release|Windows Phone = Release|Windows Phone
	EndGlobalSection
	GlobalSection(ProjectConfigurationPlatforms) = postSolution
		{192D995B-711D-4303-840C-1F80D8123CB1}.Debug|Any CPU.ActiveCfg = Debug|Windows Phone
		{192D995B-711D-4303-840C-1F80D8123CB1}.Debug|Windows Phone.ActiveCfg = Debug|Windows Phone
		{192D995B-711D-4303-840C-1F80D8123CB1}.Debug|Windows Phone.Build.0 = Debug|Windows Phone
		{192D995B-711D-4303-840C-1F80D8123CB1}.Debug|Windows Phone.Deploy.0 = Debug|Windows Phone
		{192D995B-711D-4303-840C-1F80D8123CB1}.Release|Any CPU.ActiveCfg = Release|Windows Phone
		{192D995B-711D-4303-840C-1F80D8123CB1}.Release|Windows Phone.ActiveCfg = Release|Windows Phone
		{192D995B-711D-4303-840C-1F80D8123CB1}.Release|Windows Phone.Build.0 = Release|Windows Phone
		{192D995B-711D-4303-840C-1F80D8123CB1}.Release|Windows Phone.Deploy.0 = Release|Windows Phone
		{A190FDBC-3A04-4B73-89FA-ED00FA410726}.Debug|Any CPU.ActiveCfg = Debug|Any CPU
		{A190FDBC-3A04-4B73-89FA-ED00FA410726}.Debug|Windows Phone.ActiveCfg = Debug|Any CPU
		{A190FDBC-3A04-4B73-89FA-ED00FA410726}.Release|Any CPU.ActiveCfg = Debug|Any CPU
		{A190FDBC-3A04-4B73-89FA-ED00FA410726}.Release|Windows Phone.ActiveCfg = Debug|Any CPU
	EndGlobalSection
	GlobalSection(SolutionProperties) = preSolution
		HideSolutionNode = FALSE
	EndGlobalSection
EndGlobal
