
Microsoft Visual Studio Solution File, Format Version 11.00
# Visual Studio 2010
Project("{FAE04EC0-301F-11D3-BF4B-00C04F79EFBC}") = "XnaWebBitmap", "XnaWebBitmap\XnaWebBitmap\XnaWebBitmap.csproj", "{0FA2B095-A407-4105-8B6F-55A3E73F2317}"
EndProject
Project("{96E2B04D-8817-42C6-938A-82C39BA4D311}") = "XnaWebBitmapContent", "XnaWebBitmap\XnaWebBitmapContent\XnaWebBitmapContent.contentproj", "{88E318FF-0EF7-4CA8-9384-25A716A319C2}"
EndProject
Global
	GlobalSection(SolutionConfigurationPlatforms) = preSolution
		Debug|Any CPU = Debug|Any CPU
		Debug|Windows Phone = Debug|Windows Phone
		Release|Any CPU = Release|Any CPU
		Release|Windows Phone = Release|Windows Phone
	EndGlobalSection
	GlobalSection(ProjectConfigurationPlatforms) = postSolution
		{0FA2B095-A407-4105-8B6F-55A3E73F2317}.Debug|Any CPU.ActiveCfg = Debug|Windows Phone
		{0FA2B095-A407-4105-8B6F-55A3E73F2317}.Debug|Windows Phone.ActiveCfg = Debug|Windows Phone
		{0FA2B095-A407-4105-8B6F-55A3E73F2317}.Debug|Windows Phone.Build.0 = Debug|Windows Phone
		{0FA2B095-A407-4105-8B6F-55A3E73F2317}.Debug|Windows Phone.Deploy.0 = Debug|Windows Phone
		{0FA2B095-A407-4105-8B6F-55A3E73F2317}.Release|Any CPU.ActiveCfg = Release|Windows Phone
		{0FA2B095-A407-4105-8B6F-55A3E73F2317}.Release|Windows Phone.ActiveCfg = Release|Windows Phone
		{0FA2B095-A407-4105-8B6F-55A3E73F2317}.Release|Windows Phone.Build.0 = Release|Windows Phone
		{0FA2B095-A407-4105-8B6F-55A3E73F2317}.Release|Windows Phone.Deploy.0 = Release|Windows Phone
		{88E318FF-0EF7-4CA8-9384-25A716A319C2}.Debug|Any CPU.ActiveCfg = Debug|Any CPU
		{88E318FF-0EF7-4CA8-9384-25A716A319C2}.Debug|Windows Phone.ActiveCfg = Debug|Any CPU
		{88E318FF-0EF7-4CA8-9384-25A716A319C2}.Release|Any CPU.ActiveCfg = Debug|Any CPU
		{88E318FF-0EF7-4CA8-9384-25A716A319C2}.Release|Windows Phone.ActiveCfg = Debug|Any CPU
	EndGlobalSection
	GlobalSection(SolutionProperties) = preSolution
		HideSolutionNode = FALSE
	EndGlobalSection
EndGlobal
