
Microsoft Visual Studio Solution File, Format Version 11.00
# Visual Studio 2010
Project("{FAE04EC0-301F-11D3-BF4B-00C04F79EFBC}") = "TextConcatenation", "TextConcatenation\TextConcatenation.csproj", "{F8EAAC0E-9D7A-4428-A1C3-A6A7BD47368F}"
EndProject
Global
	GlobalSection(SolutionConfigurationPlatforms) = preSolution
		Debug|Any CPU = Debug|Any CPU
		Release|Any CPU = Release|Any CPU
	EndGlobalSection
	GlobalSection(ProjectConfigurationPlatforms) = postSolution
		{F8EAAC0E-9D7A-4428-A1C3-A6A7BD47368F}.Debug|Any CPU.ActiveCfg = Debug|Any CPU
		{F8EAAC0E-9D7A-4428-A1C3-A6A7BD47368F}.Debug|Any CPU.Build.0 = Debug|Any CPU
		{F8EAAC0E-9D7A-4428-A1C3-A6A7BD47368F}.Debug|Any CPU.Deploy.0 = Debug|Any CPU
		{F8EAAC0E-9D7A-4428-A1C3-A6A7BD47368F}.Release|Any CPU.ActiveCfg = Release|Any CPU
		{F8EAAC0E-9D7A-4428-A1C3-A6A7BD47368F}.Release|Any CPU.Build.0 = Release|Any CPU
		{F8EAAC0E-9D7A-4428-A1C3-A6A7BD47368F}.Release|Any CPU.Deploy.0 = Release|Any CPU
	EndGlobalSection
	GlobalSection(SolutionProperties) = preSolution
		HideSolutionNode = FALSE
	EndGlobalSection
EndGlobal
