
Microsoft Visual Studio Solution File, Format Version 11.00
# Visual Studio 2010
Project("{FAE04EC0-301F-11D3-BF4B-00C04F79EFBC}") = "TheEasingLife", "TheEasingLife\TheEasingLife.csproj", "{04BDEB9D-2C01-49BB-A522-7CDEE25FC127}"
EndProject
Global
	GlobalSection(SolutionConfigurationPlatforms) = preSolution
		Debug|Any CPU = Debug|Any CPU
		Release|Any CPU = Release|Any CPU
	EndGlobalSection
	GlobalSection(ProjectConfigurationPlatforms) = postSolution
		{04BDEB9D-2C01-49BB-A522-7CDEE25FC127}.Debug|Any CPU.ActiveCfg = Debug|Any CPU
		{04BDEB9D-2C01-49BB-A522-7CDEE25FC127}.Debug|Any CPU.Build.0 = Debug|Any CPU
		{04BDEB9D-2C01-49BB-A522-7CDEE25FC127}.Debug|Any CPU.Deploy.0 = Debug|Any CPU
		{04BDEB9D-2C01-49BB-A522-7CDEE25FC127}.Release|Any CPU.ActiveCfg = Release|Any CPU
		{04BDEB9D-2C01-49BB-A522-7CDEE25FC127}.Release|Any CPU.Build.0 = Release|Any CPU
		{04BDEB9D-2C01-49BB-A522-7CDEE25FC127}.Release|Any CPU.Deploy.0 = Release|Any CPU
	EndGlobalSection
	GlobalSection(SolutionProperties) = preSolution
		HideSolutionNode = FALSE
	EndGlobalSection
EndGlobal
