
Microsoft Visual Studio Solution File, Format Version 11.00
# Visual Studio 2010
Project("{FAE04EC0-301F-11D3-BF4B-00C04F79EFBC}") = "AccelerometerGraph", "AccelerometerGraph\AccelerometerGraph\AccelerometerGraph.csproj", "{D46B2284-B630-45FC-99B7-4EE7CAE3C205}"
EndProject
Project("{96E2B04D-8817-42C6-938A-82C39BA4D311}") = "AccelerometerGraphContent", "AccelerometerGraph\AccelerometerGraphContent\AccelerometerGraphContent.contentproj", "{F886CA2D-BF7F-4C76-8F61-D7C21D2EF23B}"
EndProject
Global
	GlobalSection(SolutionConfigurationPlatforms) = preSolution
		Debug|Windows Phone = Debug|Windows Phone
		Release|Windows Phone = Release|Windows Phone
	EndGlobalSection
	GlobalSection(ProjectConfigurationPlatforms) = postSolution
		{D46B2284-B630-45FC-99B7-4EE7CAE3C205}.Debug|Windows Phone.ActiveCfg = Debug|Windows Phone
		{D46B2284-B630-45FC-99B7-4EE7CAE3C205}.Debug|Windows Phone.Build.0 = Debug|Windows Phone
		{D46B2284-B630-45FC-99B7-4EE7CAE3C205}.Debug|Windows Phone.Deploy.0 = Debug|Windows Phone
		{D46B2284-B630-45FC-99B7-4EE7CAE3C205}.Release|Windows Phone.ActiveCfg = Release|Windows Phone
		{D46B2284-B630-45FC-99B7-4EE7CAE3C205}.Release|Windows Phone.Build.0 = Release|Windows Phone
		{D46B2284-B630-45FC-99B7-4EE7CAE3C205}.Release|Windows Phone.Deploy.0 = Release|Windows Phone
		{F886CA2D-BF7F-4C76-8F61-D7C21D2EF23B}.Debug|Windows Phone.ActiveCfg = Debug|Windows Phone
		{F886CA2D-BF7F-4C76-8F61-D7C21D2EF23B}.Release|Windows Phone.ActiveCfg = Release|Windows Phone
	EndGlobalSection
	GlobalSection(SolutionProperties) = preSolution
		HideSolutionNode = FALSE
	EndGlobalSection
EndGlobal
