
Microsoft Visual Studio Solution File, Format Version 11.00
# Visual Studio 2010
Project("{FAE04EC0-301F-11D3-BF4B-00C04F79EFBC}") = "StyleSharing", "StyleSharing\StyleSharing.csproj", "{C8CE1DA1-D23C-4FA7-A698-882457E3C8CC}"
EndProject
Global
	GlobalSection(SolutionConfigurationPlatforms) = preSolution
		Debug|Any CPU = Debug|Any CPU
		Release|Any CPU = Release|Any CPU
	EndGlobalSection
	GlobalSection(ProjectConfigurationPlatforms) = postSolution
		{C8CE1DA1-D23C-4FA7-A698-882457E3C8CC}.Debug|Any CPU.ActiveCfg = Debug|Any CPU
		{C8CE1DA1-D23C-4FA7-A698-882457E3C8CC}.Debug|Any CPU.Build.0 = Debug|Any CPU
		{C8CE1DA1-D23C-4FA7-A698-882457E3C8CC}.Debug|Any CPU.Deploy.0 = Debug|Any CPU
		{C8CE1DA1-D23C-4FA7-A698-882457E3C8CC}.Release|Any CPU.ActiveCfg = Release|Any CPU
		{C8CE1DA1-D23C-4FA7-A698-882457E3C8CC}.Release|Any CPU.Build.0 = Release|Any CPU
		{C8CE1DA1-D23C-4FA7-A698-882457E3C8CC}.Release|Any CPU.Deploy.0 = Release|Any CPU
	EndGlobalSection
	GlobalSection(SolutionProperties) = preSolution
		HideSolutionNode = FALSE
	EndGlobalSection
EndGlobal
