
Microsoft Visual Studio Solution File, Format Version 11.00
# Visual Studio 2010
Project("{FAE04EC0-301F-11D3-BF4B-00C04F79EFBC}") = "RippleEffect", "RippleEffect\RippleEffect\RippleEffect.csproj", "{57A5C8F5-F43C-41BB-AD44-DA6B6C5031DA}"
EndProject
Project("{96E2B04D-8817-42C6-938A-82C39BA4D311}") = "RippleEffectContent", "RippleEffect\RippleEffectContent\RippleEffectContent.contentproj", "{D676C56A-A526-49CA-BA6D-7C5C3D0DDEEE}"
EndProject
Global
	GlobalSection(SolutionConfigurationPlatforms) = preSolution
		Debug|Windows Phone = Debug|Windows Phone
		Release|Windows Phone = Release|Windows Phone
	EndGlobalSection
	GlobalSection(ProjectConfigurationPlatforms) = postSolution
		{57A5C8F5-F43C-41BB-AD44-DA6B6C5031DA}.Debug|Windows Phone.ActiveCfg = Debug|Windows Phone
		{57A5C8F5-F43C-41BB-AD44-DA6B6C5031DA}.Debug|Windows Phone.Build.0 = Debug|Windows Phone
		{57A5C8F5-F43C-41BB-AD44-DA6B6C5031DA}.Debug|Windows Phone.Deploy.0 = Debug|Windows Phone
		{57A5C8F5-F43C-41BB-AD44-DA6B6C5031DA}.Release|Windows Phone.ActiveCfg = Release|Windows Phone
		{57A5C8F5-F43C-41BB-AD44-DA6B6C5031DA}.Release|Windows Phone.Build.0 = Release|Windows Phone
		{57A5C8F5-F43C-41BB-AD44-DA6B6C5031DA}.Release|Windows Phone.Deploy.0 = Release|Windows Phone
		{D676C56A-A526-49CA-BA6D-7C5C3D0DDEEE}.Debug|Windows Phone.ActiveCfg = Debug|Windows Phone
		{D676C56A-A526-49CA-BA6D-7C5C3D0DDEEE}.Release|Windows Phone.ActiveCfg = Release|Windows Phone
	EndGlobalSection
	GlobalSection(SolutionProperties) = preSolution
		HideSolutionNode = FALSE
	EndGlobalSection
EndGlobal
